{
  "name": "InfoVis-Verkeersongevallen",
  "lockfileVersion": 2,
  "requires": true,
  "packages": {
    "": {
      "dependencies": {
        "@fontsource/dm-sans": "^4.5.9",
        "@fontsource/source-sans-pro": "^4.5.11"
      }
    },
    "node_modules/@fontsource/dm-sans": {
      "version": "4.5.9",
      "resolved": "https://registry.npmjs.org/@fontsource/dm-sans/-/dm-sans-4.5.9.tgz",
      "integrity": "sha512-qaFvSBJhoeley1A9myRUUuHbm9sz7ADyC2WodezBzdFSPs2VD/p5WPPwtpVE8b1SglQrOPAnxA7s3fH5zOtiMQ=="
    },
    "node_modules/@fontsource/source-sans-pro": {
      "version": "4.5.11",
      "resolved": "https://registry.npmjs.org/@fontsource/source-sans-pro/-/source-sans-pro-4.5.11.tgz",
      "integrity": "sha512-f7iw44q1EjBv3MNcHCGAgrW/QVyweaEouFsJzykPhTOGnZFSwFJRISToXornOmuAy7xUUGiVdqOLiykgZoYB8A=="
    }
  },
  "dependencies": {
    "@fontsource/dm-sans": {
      "version": "4.5.9",
      "resolved": "https://registry.npmjs.org/@fontsource/dm-sans/-/dm-sans-4.5.9.tgz",
      "integrity": "sha512-qaFvSBJhoeley1A9myRUUuHbm9sz7ADyC2WodezBzdFSPs2VD/p5WPPwtpVE8b1SglQrOPAnxA7s3fH5zOtiMQ=="
    },
    "@fontsource/source-sans-pro": {
      "version": "4.5.11",
      "resolved": "https://registry.npmjs.org/@fontsource/source-sans-pro/-/source-sans-pro-4.5.11.tgz",
      "integrity": "sha512-f7iw44q1EjBv3MNcHCGAgrW/QVyweaEouFsJzykPhTOGnZFSwFJRISToXornOmuAy7xUUGiVdqOLiykgZoYB8A=="
    }
  }
}
